{
  "name": "arcade",
  "version": "0.1.0",
  "lockfileVersion": 3,
  "requires": true,
  "packages": {
    "": {
      "name": "arcade",
      "version": "0.1.0",
      "dependencies": {
        "tally": "github:Big-Head-Club/tally#v0.7.0"
      },
      "engines": {
        "node": ">=22.13"
      }
    },
    "node_modules/tally": {
      "version": "0.7.0",
      "resolved": "git+ssh://git@github.com/Big-Head-Club/tally.git#f58c1566cbcc5f559c09b122e4fcbe64b63623f1",
      "license": "MIT",
      "bin": {
        "tally": "server.js"
      },
      "engines": {
        "node": ">=22.13"
      }
    }
  }
}
