{
  "name": "arcade",
  "version": "0.1.0",
  "lockfileVersion": 3,
  "requires": true,
  "packages": {
    "": {
      "name": "arcade",
      "version": "0.1.0",
      "dependencies": {
        "tally": "github:Big-Head-Club/tally#v0.3.0"
      },
      "engines": {
        "node": ">=22.13"
      }
    },
    "node_modules/tally": {
      "version": "0.3.0",
      "resolved": "git+ssh://git@github.com/Big-Head-Club/tally.git#18efa8d41ee2f17916ba2c4a2f71efc374c93471",
      "license": "MIT",
      "bin": {
        "tally": "server.js"
      },
      "engines": {
        "node": ">=22.13"
      }
    }
  }
}
