{
  "name": "arcade",
  "version": "0.1.0",
  "lockfileVersion": 3,
  "requires": true,
  "packages": {
    "": {
      "name": "arcade",
      "version": "0.1.0",
      "dependencies": {
        "tally": "github:Big-Head-Club/tally#v0.2.2"
      },
      "engines": {
        "node": ">=22.13"
      }
    },
    "node_modules/tally": {
      "version": "0.2.2",
      "resolved": "git+ssh://git@github.com/Big-Head-Club/tally.git#95fc6982c62943c21dcad0cbb258551c9978da64",
      "license": "MIT",
      "bin": {
        "tally": "server.js"
      },
      "engines": {
        "node": ">=22.13"
      }
    }
  }
}
